<?xml version="1.0" encoding="UTF-8"?>
<Scheme
   version = "1.3">
   <BuildAction>
      <BuildActionEntries>
         <BuildActionEntry
            buildForRunning = "YES">
            <BuildableReference
               BuildableIdentifier = "primary"
               BlueprintIdentifier = "CB8DD8D325895CE200F567EF"
               BuildableName = "OSX-bootstrap-2.app"
               BlueprintName = "OSX-bootstrap-2"
               ReferencedContainer = "container:OSX-bootstrap-2.xcodeproj">
            </BuildableReference>
         </BuildActionEntry>
      </BuildActionEntries>
   </BuildAction>
   <LaunchAction
      useCustomWorkingDirectory = "NO"
      buildConfiguration = "Debug"
      allowLocationSimulation = "YES">
      <BuildableProductRunnable>
         <BuildableReference
            BuildableIdentifier = "primary"
            BlueprintIdentifier = "CB8DD8D325895CE200F567EF"
            BuildableName = "OSX-bootstrap-2.app"
            BlueprintName = "OSX-bootstrap-2"
            ReferencedContainer = "container:OSX-bootstrap-2.xcodeproj">
         </BuildableReference>
      </BuildableProductRunnable>
   </LaunchAction>
</Scheme>
